
Microsoft Visual Studio Solution File, Format Version 12.00
# Visual Studio 14
VisualStudioVersion = 14.0.25420.1
MinimumVisualStudioVersion = 10.0.40219.1
Project("{2150E333-8FDC-42A3-9474-1A3956D46DE8}") = "src", "src", "{D88C74F5-7D57-4024-8400-D9E6AC5F099A}"
EndProject
Project("{2150E333-8FDC-42A3-9474-1A3956D46DE8}") = "Solution Items", "Solution Items", "{25D66F57-2941-435A-A666-B0FD15F592E7}"
	ProjectSection(SolutionItems) = preProject
		global.json = global.json
	EndProjectSection
EndProject
Project("{8BB2217D-0F2D-49D1-97BC-3654ED321F3B}") = "Ng2FunProject", "src\Ng2FunProject\Ng2FunProject.xproj", "{6748D686-A9C2-496D-9F4B-7D6584580E7C}"
EndProject
Global
	GlobalSection(SolutionConfigurationPlatforms) = preSolution
		Debug|Any CPU = Debug|Any CPU
		Release|Any CPU = Release|Any CPU
	EndGlobalSection
	GlobalSection(ProjectConfigurationPlatforms) = postSolution
		{6748D686-A9C2-496D-9F4B-7D6584580E7C}.Debug|Any CPU.ActiveCfg = Debug|Any CPU
		{6748D686-A9C2-496D-9F4B-7D6584580E7C}.Debug|Any CPU.Build.0 = Debug|Any CPU
		{6748D686-A9C2-496D-9F4B-7D6584580E7C}.Release|Any CPU.ActiveCfg = Release|Any CPU
		{6748D686-A9C2-496D-9F4B-7D6584580E7C}.Release|Any CPU.Build.0 = Release|Any CPU
	EndGlobalSection
	GlobalSection(SolutionProperties) = preSolution
		HideSolutionNode = FALSE
	EndGlobalSection
	GlobalSection(NestedProjects) = preSolution
		{6748D686-A9C2-496D-9F4B-7D6584580E7C} = {D88C74F5-7D57-4024-8400-D9E6AC5F099A}
	EndGlobalSection
EndGlobal
